
Microsoft Visual Studio Solution File, Format Version 12.00
# Visual Studio Version 17
VisualStudioVersion = 17.8.34525.116
MinimumVisualStudioVersion = 10.0.40219.1
Project("{2150E333-8FDC-42A3-9474-1A3956D46DE8}") = "01.Services", "01.Services", "{F28E525E-68FE-48B4-9A21-C8BA0F7CEC26}"
EndProject
Project("{2150E333-8FDC-42A3-9474-1A3956D46DE8}") = "01.JiraReport", "01.JiraReport", "{1E4B3FD3-A85F-4397-AE1E-C093300ED13B}"
EndProject
Project("{2150E333-8FDC-42A3-9474-1A3956D46DE8}") = "01.API", "01.API", "{18420463-E206-41F9-BF9C-3E7530266E32}"
EndProject
Project("{2150E333-8FDC-42A3-9474-1A3956D46DE8}") = "02.Services", "02.Services", "{EEAA0EC4-E5AD-4370-833F-1648E7DDB25B}"
EndProject
Project("{2150E333-8FDC-42A3-9474-1A3956D46DE8}") = "03.Persistence", "03.Persistence", "{81D4D6E8-6C28-4209-9341-57F259895C59}"
EndProject
Project("{2150E333-8FDC-42A3-9474-1A3956D46DE8}") = "04.Models", "04.Models", "{DE20EA47-B79C-47A0-8788-32EEFF8DB3D0}"
EndProject
Project("{2150E333-8FDC-42A3-9474-1A3956D46DE8}") = "05.Test", "05.Test", "{945575F4-84AF-4A0D-A920-4E6465A68986}"
EndProject
Project("{FAE04EC0-301F-11D3-BF4B-00C04F79EFBC}") = "TJR.JiraReport.Api", "src\01.Services\01.JiraReport\TJR.JiraReport.Api\TJR.JiraReport.Api.csproj", "{76A8E0CA-5AE0-4E74-99F9-200903960F42}"
EndProject
Global
	GlobalSection(SolutionConfigurationPlatforms) = preSolution
		Debug|Any CPU = Debug|Any CPU
		Release|Any CPU = Release|Any CPU
	EndGlobalSection
	GlobalSection(ProjectConfigurationPlatforms) = postSolution
		{76A8E0CA-5AE0-4E74-99F9-200903960F42}.Debug|Any CPU.ActiveCfg = Debug|Any CPU
		{76A8E0CA-5AE0-4E74-99F9-200903960F42}.Debug|Any CPU.Build.0 = Debug|Any CPU
		{76A8E0CA-5AE0-4E74-99F9-200903960F42}.Release|Any CPU.ActiveCfg = Release|Any CPU
		{76A8E0CA-5AE0-4E74-99F9-200903960F42}.Release|Any CPU.Build.0 = Release|Any CPU
	EndGlobalSection
	GlobalSection(SolutionProperties) = preSolution
		HideSolutionNode = FALSE
	EndGlobalSection
	GlobalSection(NestedProjects) = preSolution
		{1E4B3FD3-A85F-4397-AE1E-C093300ED13B} = {F28E525E-68FE-48B4-9A21-C8BA0F7CEC26}
		{18420463-E206-41F9-BF9C-3E7530266E32} = {1E4B3FD3-A85F-4397-AE1E-C093300ED13B}
		{EEAA0EC4-E5AD-4370-833F-1648E7DDB25B} = {1E4B3FD3-A85F-4397-AE1E-C093300ED13B}
		{81D4D6E8-6C28-4209-9341-57F259895C59} = {1E4B3FD3-A85F-4397-AE1E-C093300ED13B}
		{DE20EA47-B79C-47A0-8788-32EEFF8DB3D0} = {1E4B3FD3-A85F-4397-AE1E-C093300ED13B}
		{945575F4-84AF-4A0D-A920-4E6465A68986} = {1E4B3FD3-A85F-4397-AE1E-C093300ED13B}
		{76A8E0CA-5AE0-4E74-99F9-200903960F42} = {18420463-E206-41F9-BF9C-3E7530266E32}
	EndGlobalSection
	GlobalSection(ExtensibilityGlobals) = postSolution
		SolutionGuid = {B48E8BD9-58C2-4273-99D8-54FEED5A9181}
	EndGlobalSection
EndGlobal
